
Microsoft Visual Studio Solution File, Format Version 12.00
# Visual Studio Version 17
VisualStudioVersion = 17.2.32630.192
MinimumVisualStudioVersion = 10.0.40219.1
Project("{8BC9CEB8-8B4A-11D0-8D11-00A0C91BC942}") = "potoki", "potoki\potoki.vcxproj", "{02F31823-6E02-47D8-A9B3-09C3A9FF2ADE}"
EndProject
Global
	GlobalSection(SolutionConfigurationPlatforms) = preSolution
		Debug|x64 = Debug|x64
		Debug|x86 = Debug|x86
		Release|x64 = Release|x64
		Release|x86 = Release|x86
	EndGlobalSection
	GlobalSection(ProjectConfigurationPlatforms) = postSolution
		{02F31823-6E02-47D8-A9B3-09C3A9FF2ADE}.Debug|x64.ActiveCfg = Debug|x64
		{02F31823-6E02-47D8-A9B3-09C3A9FF2ADE}.Debug|x64.Build.0 = Debug|x64
		{02F31823-6E02-47D8-A9B3-09C3A9FF2ADE}.Debug|x86.ActiveCfg = Debug|Win32
		{02F31823-6E02-47D8-A9B3-09C3A9FF2ADE}.Debug|x86.Build.0 = Debug|Win32
		{02F31823-6E02-47D8-A9B3-09C3A9FF2ADE}.Release|x64.ActiveCfg = Release|x64
		{02F31823-6E02-47D8-A9B3-09C3A9FF2ADE}.Release|x64.Build.0 = Release|x64
		{02F31823-6E02-47D8-A9B3-09C3A9FF2ADE}.Release|x86.ActiveCfg = Release|Win32
		{02F31823-6E02-47D8-A9B3-09C3A9FF2ADE}.Release|x86.Build.0 = Release|Win32
	EndGlobalSection
	GlobalSection(SolutionProperties) = preSolution
		HideSolutionNode = FALSE
	EndGlobalSection
	GlobalSection(ExtensibilityGlobals) = postSolution
		SolutionGuid = {89960EE5-3327-45F8-B527-10B35D5B741B}
	EndGlobalSection
EndGlobal
